// !$*UTF8*$!
{
	archiveVersion = 1;
	classes = {
	};
	objectVersion = 46;
	objects = {

/* Begin PBXBuildFile section */
		1819DA781D6AA4F00063EA63 /* main.m in Sources */ = {isa = PBXBuildFile; fileRef = 1819DA771D6AA4F00063EA63 /* main.m */; };
		1819DA7B1D6AA4F00063EA63 /* AppDelegate.m in Sources */ = {isa = PBXBuildFile; fileRef = 1819DA7A1D6AA4F00063EA63 /* AppDelegate.m */; };
		1819DA7E1D6AA4F00063EA63 /* ViewController.m in Sources */ = {isa = PBXBuildFile; fileRef = 1819DA7D1D6AA4F00063EA63 /* ViewController.m */; };
		1819DA811D6AA4F00063EA63 /* Main.storyboard in Resources */ = {isa = PBXBuildFile; fileRef = 1819DA7F1D6AA4F00063EA63 /* Main.storyboard */; };
		1819DA831D6AA4F00063EA63 /* Assets.xcassets in Resources */ = {isa = PBXBuildFile; fileRef = 1819DA821D6AA4F00063EA63 /* Assets.xcassets */; };
		1819DA861D6AA4F00063EA63 /* LaunchScreen.storyboard in Resources */ = {isa = PBXBuildFile; fileRef = 1819DA841D6AA4F00063EA63 /* LaunchScreen.storyboard */; };
		1819DA911D6AA4F00063EA63 /* ALAlertViewDemoTests.m in Sources */ = {isa = PBXBuildFile; fileRef = 1819DA901D6AA4F00063EA63 /* ALAlertViewDemoTests.m */; };
		1819DA9D1D6AA5130063EA63 /* ALAlertView.m in Sources */ = {isa = PBXBuildFile; fileRef = 1819DA9B1D6AA5130063EA63 /* ALAlertView.m */; };
/* End PBXBuildFile section */

/* Begin PBXContainerItemProxy section */
		1819DA8D1D6AA4F00063EA63 /* PBXContainerItemProxy */ = {
			isa = PBXContainerItemProxy;
			containerPortal = 1819DA6B1D6AA4F00063EA63 /* Project object */;
			proxyType = 1;
			remoteGlobalIDString = 1819DA721D6AA4F00063EA63;
			remoteInfo = ALAlertViewDemo;
		};
/* End PBXContainerItemProxy section */

/* Begin PBXFileReference section */
		1819DA731D6AA4F00063EA63 /* ALAlertViewDemo.app */ = {isa = PBXFileReference; explicitFileType = wrapper.application; includeInIndex = 0; path = ALAlertViewDemo.app; sourceTree = BUILT_PRODUCTS_DIR; };
		1819DA771D6AA4F00063EA63 /* main.m */ = {isa = PBXFileReference; lastKnownFileType = sourcecode.c.objc; path = main.m; sourceTree = "<group>"; };
		1819DA791D6AA4F00063EA63 /* AppDelegate.h */ = {isa = PBXFileReference; lastKnownFileType = sourcecode.c.h; path = AppDelegate.h; sourceTree = "<group>"; };
		1819DA7A1D6AA4F00063EA63 /* AppDelegate.m */ = {isa = PBXFileReference; lastKnownFileType = sourcecode.c.objc; path = AppDelegate.m; sourceTree = "<group>"; };
		1819DA7C1D6AA4F00063EA63 /* ViewController.h */ = {isa = PBXFileReference; lastKnownFileType = sourcecode.c.h; path = ViewController.h; sourceTree = "<group>"; };
		1819DA7D1D6AA4F00063EA63 /* ViewController.m */ = {isa = PBXFileReference; lastKnownFileType = sourcecode.c.objc; path = ViewController.m; sourceTree = "<group>"; };
		1819DA801D6AA4F00063EA63 /* Base */ = {isa = PBXFileReference; lastKnownFileType = file.storyboard; name = Base; path = Base.lproj/Main.storyboard; sourceTree = "<group>"; };
		1819DA821D6AA4F00063EA63 /* Assets.xcassets */ = {isa = PBXFileReference; lastKnownFileType = folder.assetcatalog; path = Assets.xcassets; sourceTree = "<group>"; };
		1819DA851D6AA4F00063EA63 /* Base */ = {isa = PBXFileReference; lastKnownFileType = file.storyboard; name = Base; path = Base.lproj/LaunchScreen.storyboard; sourceTree = "<group>"; };
		1819DA871D6AA4F00063EA63 /* Info.plist */ = {isa = PBXFileReference; lastKnownFileType = text.plist.xml; path = Info.plist; sourceTree = "<group>"; };
		1819DA8C1D6AA4F00063EA63 /* ALAlertViewDemoTests.xctest */ = {isa = PBXFileReference; explicitFileType = wrapper.cfbundle; includeInIndex = 0; path = ALAlertViewDemoTests.xctest; sourceTree = BUILT_PRODUCTS_DIR; };
		1819DA901D6AA4F00063EA63 /* ALAlertViewDemoTests.m */ = {isa = PBXFileReference; lastKnownFileType = sourcecode.c.objc; path = ALAlertViewDemoTests.m; sourceTree = "<group>"; };
		1819DA921D6AA4F00063EA63 /* Info.plist */ = {isa = PBXFileReference; lastKnownFileType = text.plist.xml; path = Info.plist; sourceTree = "<group>"; };
		1819DA9B1D6AA5130063EA63 /* ALAlertView.m */ = {isa = PBXFileReference; fileEncoding = 4; lastKnownFileType = sourcecode.c.objc; path = ALAlertView.m; sourceTree = "<group>"; };
		1819DA9C1D6AA5130063EA63 /* ALAlertView.h */ = {isa = PBXFileReference; fileEncoding = 4; lastKnownFileType = sourcecode.c.h; path = ALAlertView.h; sourceTree = "<group>"; };
/* End PBXFileReference section */

/* Begin PBXFrameworksBuildPhase section */
		1819DA701D6AA4F00063EA63 /* Frameworks */ = {
			isa = PBXFrameworksBuildPhase;
			buildActionMask = 2147483647;
			files = (
			);
			runOnlyForDeploymentPostprocessing = 0;
		};
		1819DA891D6AA4F00063EA63 /* Frameworks */ = {
			isa = PBXFrameworksBuildPhase;
			buildActionMask = 2147483647;
			files = (
			);
			runOnlyForDeploymentPostprocessing = 0;
		};
/* End PBXFrameworksBuildPhase section */

/* Begin PBXGroup section */
		1819DA6A1D6AA4F00063EA63 = {
			isa = PBXGroup;
			children = (
				1819DA751D6AA4F00063EA63 /* ALAlertViewDemo */,
				1819DA8F1D6AA4F00063EA63 /* ALAlertViewDemoTests */,
				1819DA741D6AA4F00063EA63 /* Products */,
			);
			sourceTree = "<group>";
		};
		1819DA741D6AA4F00063EA63 /* Products */ = {
			isa = PBXGroup;
			children = (
				1819DA731D6AA4F00063EA63 /* ALAlertViewDemo.app */,
				1819DA8C1D6AA4F00063EA63 /* ALAlertViewDemoTests.xctest */,
			);
			name = Products;
			sourceTree = "<group>";
		};
		1819DA751D6AA4F00063EA63 /* ALAlertViewDemo */ = {
			isa = PBXGroup;
			children = (
				1819DA9C1D6AA5130063EA63 /* ALAlertView.h */,
				1819DA9B1D6AA5130063EA63 /* ALAlertView.m */,
				1819DA791D6AA4F00063EA63 /* AppDelegate.h */,
				1819DA7A1D6AA4F00063EA63 /* AppDelegate.m */,
				1819DA7C1D6AA4F00063EA63 /* ViewController.h */,
				1819DA7D1D6AA4F00063EA63 /* ViewController.m */,
				1819DA7F1D6AA4F00063EA63 /* Main.storyboard */,
				1819DA821D6AA4F00063EA63 /* Assets.xcassets */,
				1819DA841D6AA4F00063EA63 /* LaunchScreen.storyboard */,
				1819DA871D6AA4F00063EA63 /* Info.plist */,
				1819DA761D6AA4F00063EA63 /* Supporting Files */,
			);
			path = ALAlertViewDemo;
			sourceTree = "<group>";
		};
		1819DA761D6AA4F00063EA63 /* Supporting Files */ = {
			isa = PBXGroup;
			children = (
				1819DA771D6AA4F00063EA63 /* main.m */,
			);
			name = "Supporting Files";
			sourceTree = "<group>";
		};
		1819DA8F1D6AA4F00063EA63 /* ALAlertViewDemoTests */ = {
			isa = PBXGroup;
			children = (
				1819DA901D6AA4F00063EA63 /* ALAlertViewDemoTests.m */,
				1819DA921D6AA4F00063EA63 /* Info.plist */,
			);
			path = ALAlertViewDemoTests;
			sourceTree = "<group>";
		};
/* End PBXGroup section */

/* Begin PBXNativeTarget section */
		1819DA721D6AA4F00063EA63 /* ALAlertViewDemo */ = {
			isa = PBXNativeTarget;
			buildConfigurationList = 1819DA951D6AA4F00063EA63 /* Build configuration list for PBXNativeTarget "ALAlertViewDemo" */;
			buildPhases = (
				1819DA6F1D6AA4F00063EA63 /* Sources */,
				1819DA701D6AA4F00063EA63 /* Frameworks */,
				1819DA711D6AA4F00063EA63 /* Resources */,
			);
			buildRules = (
			);
			dependencies = (
			);
			name = ALAlertViewDemo;
			productName = ALAlertViewDemo;
			productReference = 1819DA731D6AA4F00063EA63 /* ALAlertViewDemo.app */;
			productType = "com.apple.product-type.application";
		};
		1819DA8B1D6AA4F00063EA63 /* ALAlertViewDemoTests */ = {
			isa = PBXNativeTarget;
			buildConfigurationList = 1819DA981D6AA4F00063EA63 /* Build configuration list for PBXNativeTarget "ALAlertViewDemoTests" */;
			buildPhases = (
				1819DA881D6AA4F00063EA63 /* Sources */,
				1819DA891D6AA4F00063EA63 /* Frameworks */,
				1819DA8A1D6AA4F00063EA63 /* Resources */,
			);
			buildRules = (
			);
			dependencies = (
				1819DA8E1D6AA4F00063EA63 /* PBXTargetDependency */,
			);
			name = ALAlertViewDemoTests;
			productName = ALAlertViewDemoTests;
			productReference = 1819DA8C1D6AA4F00063EA63 /* ALAlertViewDemoTests.xctest */;
			productType = "com.apple.product-type.bundle.unit-test";
		};
/* End PBXNativeTarget section */

/* Begin PBXProject section */
		1819DA6B1D6AA4F00063EA63 /* Project object */ = {
			isa = PBXProject;
			attributes = {
				LastUpgradeCheck = 0720;
				ORGANIZATIONNAME = bjdv;
				TargetAttributes = {
					1819DA721D6AA4F00063EA63 = {
						CreatedOnToolsVersion = 7.2;
					};
					1819DA8B1D6AA4F00063EA63 = {
						CreatedOnToolsVersion = 7.2;
						TestTargetID = 1819DA721D6AA4F00063EA63;
					};
				};
			};
			buildConfigurationList = 1819DA6E1D6AA4F00063EA63 /* Build configuration list for PBXProject "ALAlertViewDemo" */;
			compatibilityVersion = "Xcode 3.2";
			developmentRegion = English;
			hasScannedForEncodings = 0;
			knownRegions = (
				en,
				Base,
			);
			mainGroup = 1819DA6A1D6AA4F00063EA63;
			productRefGroup = 1819DA741D6AA4F00063EA63 /* Products */;
			projectDirPath = "";
			projectRoot = "";
			targets = (
				1819DA721D6AA4F00063EA63 /* ALAlertViewDemo */,
				1819DA8B1D6AA4F00063EA63 /* ALAlertViewDemoTests */,
			);
		};
/* End PBXProject section */

/* Begin PBXResourcesBuildPhase section */
		1819DA711D6AA4F00063EA63 /* Resources */ = {
			isa = PBXResourcesBuildPhase;
			buildActionMask = 2147483647;
			files = (
				1819DA861D6AA4F00063EA63 /* LaunchScreen.storyboard in Resources */,
				1819DA831D6AA4F00063EA63 /* Assets.xcassets in Resources */,
				1819DA811D6AA4F00063EA63 /* Main.storyboard in Resources */,
			);
			runOnlyForDeploymentPostprocessing = 0;
		};
		1819DA8A1D6AA4F00063EA63 /* Resources */ = {
			isa = PBXResourcesBuildPhase;
			buildActionMask = 2147483647;
			files = (
			);
			runOnlyForDeploymentPostprocessing = 0;
		};
/* End PBXResourcesBuildPhase section */

/* Begin PBXSourcesBuildPhase section */
		1819DA6F1D6AA4F00063EA63 /* Sources */ = {
			isa = PBXSourcesBuildPhase;
			buildActionMask = 2147483647;
			files = (
				1819DA9D1D6AA5130063EA63 /* ALAlertView.m in Sources */,
				1819DA7E1D6AA4F00063EA63 /* ViewController.m in Sources */,
				1819DA7B1D6AA4F00063EA63 /* AppDelegate.m in Sources */,
				1819DA781D6AA4F00063EA63 /* main.m in Sources */,
			);
			runOnlyForDeploymentPostprocessing = 0;
		};
		1819DA881D6AA4F00063EA63 /* Sources */ = {
			isa = PBXSourcesBuildPhase;
			buildActionMask = 2147483647;
			files = (
				1819DA911D6AA4F00063EA63 /* ALAlertViewDemoTests.m in Sources */,
			);
			runOnlyForDeploymentPostprocessing = 0;
		};
/* End PBXSourcesBuildPhase section */

/* Begin PBXTargetDependency section */
		1819DA8E1D6AA4F00063EA63 /* PBXTargetDependency */ = {
			isa = PBXTargetDependency;
			target = 1819DA721D6AA4F00063EA63 /* ALAlertViewDemo */;
			targetProxy = 1819DA8D1D6AA4F00063EA63 /* PBXContainerItemProxy */;
		};
/* End PBXTargetDependency section */

/* Begin PBXVariantGroup section */
		1819DA7F1D6AA4F00063EA63 /* Main.storyboard */ = {
			isa = PBXVariantGroup;
			children = (
				1819DA801D6AA4F00063EA63 /* Base */,
			);
			name = Main.storyboard;
			sourceTree = "<group>";
		};
		1819DA841D6AA4F00063EA63 /* LaunchScreen.storyboard */ = {
			isa = PBXVariantGroup;
			children = (
				1819DA851D6AA4F00063EA63 /* Base */,
			);
			name = LaunchScreen.storyboard;
			sourceTree = "<group>";
		};
/* End PBXVariantGroup section */

/* Begin XCBuildConfiguration section */
		1819DA931D6AA4F00063EA63 /* Debug */ = {
			isa = XCBuildConfiguration;
			buildSettings = {
				ALWAYS_SEARCH_USER_PATHS = NO;
				CLANG_CXX_LANGUAGE_STANDARD = "gnu++0x";
				CLANG_CXX_LIBRARY = "libc++";
				CLANG_ENABLE_MODULES = YES;
				CLANG_ENABLE_OBJC_ARC = YES;
				CLANG_WARN_BOOL_CONVERSION = YES;
				CLANG_WARN_CONSTANT_CONVERSION = YES;
				CLANG_WARN_DIRECT_OBJC_ISA_USAGE = YES_ERROR;
				CLANG_WARN_EMPTY_BODY = YES;
				CLANG_WARN_ENUM_CONVERSION = YES;
				CLANG_WARN_INT_CONVERSION = YES;
				CLANG_WARN_OBJC_ROOT_CLASS = YES_ERROR;
				CLANG_WARN_UNREACHABLE_CODE = YES;
				CLANG_WARN__DUPLICATE_METHOD_MATCH = YES;
				"CODE_SIGN_IDENTITY[sdk=iphoneos*]" = "iPhone Developer";
				COPY_PHASE_STRIP = NO;
				DEBUG_INFORMATION_FORMAT = dwarf;
				ENABLE_STRICT_OBJC_MSGSEND = YES;
				ENABLE_TESTABILITY = YES;
				GCC_C_LANGUAGE_STANDARD = gnu99;
				GCC_DYNAMIC_NO_PIC = NO;
				GCC_NO_COMMON_BLOCKS = YES;
				GCC_OPTIMIZATION_LEVEL = 0;
				GCC_PREPROCESSOR_DEFINITIONS = (
					"DEBUG=1",
					"$(inherited)",
				);
				GCC_WARN_64_TO_32_BIT_CONVERSION = YES;
				GCC_WARN_ABOUT_RETURN_TYPE = YES_ERROR;
				GCC_WARN_UNDECLARED_SELECTOR = YES;
				GCC_WARN_UNINITIALIZED_AUTOS = YES_AGGRESSIVE;
				GCC_WARN_UNUSED_FUNCTION = YES;
				GCC_WARN_UNUSED_VARIABLE = YES;
				IPHONEOS_DEPLOYMENT_TARGET = 9.2;
				MTL_ENABLE_DEBUG_INFO = YES;
				ONLY_ACTIVE_ARCH = YES;
				SDKROOT = iphoneos;
			};
			name = Debug;
		};
		1819DA941D6AA4F00063EA63 /* Release */ = {
			isa = XCBuildConfiguration;
			buildSettings = {
				ALWAYS_SEARCH_USER_PATHS = NO;
				CLANG_CXX_LANGUAGE_STANDARD = "gnu++0x";
				CLANG_CXX_LIBRARY = "libc++";
				CLANG_ENABLE_MODULES = YES;
				CLANG_ENABLE_OBJC_ARC = YES;
				CLANG_WARN_BOOL_CONVERSION = YES;
				CLANG_WARN_CONSTANT_CONVERSION = YES;
				CLANG_WARN_DIRECT_OBJC_ISA_USAGE = YES_ERROR;
				CLANG_WARN_EMPTY_BODY = YES;
				CLANG_WARN_ENUM_CONVERSION = YES;
				CLANG_WARN_INT_CONVERSION = YES;
				CLANG_WARN_OBJC_ROOT_CLASS = YES_ERROR;
				CLANG_WARN_UNREACHABLE_CODE = YES;
				CLANG_WARN__DUPLICATE_METHOD_MATCH = YES;
				"CODE_SIGN_IDENTITY[sdk=iphoneos*]" = "iPhone Developer";
				COPY_PHASE_STRIP = NO;
				DEBUG_INFORMATION_FORMAT = "dwarf-with-dsym";
				ENABLE_NS_ASSERTIONS = NO;
				ENABLE_STRICT_OBJC_MSGSEND = YES;
				GCC_C_LANGUAGE_STANDARD = gnu99;
				GCC_NO_COMMON_BLOCKS = YES;
				GCC_WARN_64_TO_32_BIT_CONVERSION = YES;
				GCC_WARN_ABOUT_RETURN_TYPE = YES_ERROR;
				GCC_WARN_UNDECLARED_SELECTOR = YES;
				GCC_WARN_UNINITIALIZED_AUTOS = YES_AGGRESSIVE;
				GCC_WARN_UNUSED_FUNCTION = YES;
				GCC_WARN_UNUSED_VARIABLE = YES;
				IPHONEOS_DEPLOYMENT_TARGET = 9.2;
				MTL_ENABLE_DEBUG_INFO = NO;
				SDKROOT = iphoneos;
				VALIDATE_PRODUCT = YES;
			};
			name = Release;
		};
		1819DA961D6AA4F00063EA63 /* Debug */ = {
			isa = XCBuildConfiguration;
			buildSettings = {
				ASSETCATALOG_COMPILER_APPICON_NAME = AppIcon;
				INFOPLIST_FILE = ALAlertViewDemo/Info.plist;
				IPHONEOS_DEPLOYMENT_TARGET = 9.0;
				LD_RUNPATH_SEARCH_PATHS = "$(inherited) @executable_path/Frameworks";
				PRODUCT_BUNDLE_IDENTIFIER = com.bjdv.ALAlertViewDemo;
				PRODUCT_NAME = "$(TARGET_NAME)";
			};
			name = Debug;
		};
		1819DA971D6AA4F00063EA63 /* Release */ = {
			isa = XCBuildConfiguration;
			buildSettings = {
				ASSETCATALOG_COMPILER_APPICON_NAME = AppIcon;
				INFOPLIST_FILE = ALAlertViewDemo/Info.plist;
				IPHONEOS_DEPLOYMENT_TARGET = 9.0;
				LD_RUNPATH_SEARCH_PATHS = "$(inherited) @executable_path/Frameworks";
				PRODUCT_BUNDLE_IDENTIFIER = com.bjdv.ALAlertViewDemo;
				PRODUCT_NAME = "$(TARGET_NAME)";
			};
			name = Release;
		};
		1819DA991D6AA4F00063EA63 /* Debug */ = {
			isa = XCBuildConfiguration;
			buildSettings = {
				BUNDLE_LOADER = "$(TEST_HOST)";
				INFOPLIST_FILE = ALAlertViewDemoTests/Info.plist;
				LD_RUNPATH_SEARCH_PATHS = "$(inherited) @executable_path/Frameworks @loader_path/Frameworks";
				PRODUCT_BUNDLE_IDENTIFIER = com.bjdv.ALAlertViewDemoTests;
				PRODUCT_NAME = "$(TARGET_NAME)";
				TEST_HOST = "$(BUILT_PRODUCTS_DIR)/ALAlertViewDemo.app/ALAlertViewDemo";
			};
			name = Debug;
		};
		1819DA9A1D6AA4F00063EA63 /* Release */ = {
			isa = XCBuildConfiguration;
			buildSettings = {
				BUNDLE_LOADER = "$(TEST_HOST)";
				INFOPLIST_FILE = ALAlertViewDemoTests/Info.plist;
				LD_RUNPATH_SEARCH_PATHS = "$(inherited) @executable_path/Frameworks @loader_path/Frameworks";
				PRODUCT_BUNDLE_IDENTIFIER = com.bjdv.ALAlertViewDemoTests;
				PRODUCT_NAME = "$(TARGET_NAME)";
				TEST_HOST = "$(BUILT_PRODUCTS_DIR)/ALAlertViewDemo.app/ALAlertViewDemo";
			};
			name = Release;
		};
/* End XCBuildConfiguration section */

/* Begin XCConfigurationList section */
		1819DA6E1D6AA4F00063EA63 /* Build configuration list for PBXProject "ALAlertViewDemo" */ = {
			isa = XCConfigurationList;
			buildConfigurations = (
				1819DA931D6AA4F00063EA63 /* Debug */,
				1819DA941D6AA4F00063EA63 /* Release */,
			);
			defaultConfigurationIsVisible = 0;
			defaultConfigurationName = Release;
		};
		1819DA951D6AA4F00063EA63 /* Build configuration list for PBXNativeTarget "ALAlertViewDemo" */ = {
			isa = XCConfigurationList;
			buildConfigurations = (
				1819DA961D6AA4F00063EA63 /* Debug */,
				1819DA971D6AA4F00063EA63 /* Release */,
			);
			defaultConfigurationIsVisible = 0;
		};
		1819DA981D6AA4F00063EA63 /* Build configuration list for PBXNativeTarget "ALAlertViewDemoTests" */ = {
			isa = XCConfigurationList;
			buildConfigurations = (
				1819DA991D6AA4F00063EA63 /* Debug */,
				1819DA9A1D6AA4F00063EA63 /* Release */,
			);
			defaultConfigurationIsVisible = 0;
		};
/* End XCConfigurationList section */
	};
	rootObject = 1819DA6B1D6AA4F00063EA63 /* Project object */;
}
